
Microsoft Visual Studio Solution File, Format Version 12.00
# Visual Studio Version 17
VisualStudioVersion = 17.2.32630.192
MinimumVisualStudioVersion = 10.0.40219.1
Project("{9A19103F-16F7-4668-BE54-9A1E7A4F7556}") = "ClientApp", "ClientApp\ClientApp.csproj", "{CB2F676F-9AFF-4008-8E38-65AFFC6143C8}"
EndProject
Project("{9A19103F-16F7-4668-BE54-9A1E7A4F7556}") = "ServerApp", "ServerApp\ServerApp.csproj", "{CAF9F4FE-9D1A-428B-A54E-529215F1F33B}"
EndProject
Project("{9A19103F-16F7-4668-BE54-9A1E7A4F7556}") = "Shared.Models", "Shared.Models\Shared.Models.csproj", "{1464474D-B7AE-4526-885D-9ED3CA9E1572}"
EndProject
Global
	GlobalSection(SolutionConfigurationPlatforms) = preSolution
		Debug|Any CPU = Debug|Any CPU
		Release|Any CPU = Release|Any CPU
	EndGlobalSection
	GlobalSection(ProjectConfigurationPlatforms) = postSolution
		{CB2F676F-9AFF-4008-8E38-65AFFC6143C8}.Debug|Any CPU.ActiveCfg = Debug|Any CPU
		{CB2F676F-9AFF-4008-8E38-65AFFC6143C8}.Debug|Any CPU.Build.0 = Debug|Any CPU
		{CB2F676F-9AFF-4008-8E38-65AFFC6143C8}.Release|Any CPU.ActiveCfg = Release|Any CPU
		{CB2F676F-9AFF-4008-8E38-65AFFC6143C8}.Release|Any CPU.Build.0 = Release|Any CPU
		{CAF9F4FE-9D1A-428B-A54E-529215F1F33B}.Debug|Any CPU.ActiveCfg = Debug|Any CPU
		{CAF9F4FE-9D1A-428B-A54E-529215F1F33B}.Debug|Any CPU.Build.0 = Debug|Any CPU
		{CAF9F4FE-9D1A-428B-A54E-529215F1F33B}.Release|Any CPU.ActiveCfg = Release|Any CPU
		{CAF9F4FE-9D1A-428B-A54E-529215F1F33B}.Release|Any CPU.Build.0 = Release|Any CPU
		{1464474D-B7AE-4526-885D-9ED3CA9E1572}.Debug|Any CPU.ActiveCfg = Debug|Any CPU
		{1464474D-B7AE-4526-885D-9ED3CA9E1572}.Debug|Any CPU.Build.0 = Debug|Any CPU
		{1464474D-B7AE-4526-885D-9ED3CA9E1572}.Release|Any CPU.ActiveCfg = Release|Any CPU
		{1464474D-B7AE-4526-885D-9ED3CA9E1572}.Release|Any CPU.Build.0 = Release|Any CPU
	EndGlobalSection
	GlobalSection(SolutionProperties) = preSolution
		HideSolutionNode = FALSE
	EndGlobalSection
	GlobalSection(ExtensibilityGlobals) = postSolution
		SolutionGuid = {99615FDE-06B3-4353-9795-7CE3FBCF687C}
	EndGlobalSection
EndGlobal
